{"1.2.0",
[{<<"foil">>,{pkg,<<"foil">>,<<"0.1.0">>},0},
 {<<"metal">>,{pkg,<<"metal">>,<<"0.1.1">>},0}]}.
[
{pkg_hash,[
 {<<"foil">>, <<"16406493144743F633505E51406F7BE6BF17A3772DFD62BCDE3107C654704BEE">>},
 {<<"metal">>, <<"5D3D1322DA7BCD34B94FED5486F577973685298883954F7A3E517EF5EF6953F5">>}]},
{pkg_hash_ext,[
 {<<"foil">>, <<"BA8A1773D1AF12BD24E06657C87547AA81872950F7C503F39E0F31E39BB2BC39">>},
 {<<"metal">>, <<"88B82B634998A1A768DEDCD372C2F7E657B19445325C0AF5CCBAC62C77210F1D">>}]}
].
